
Microsoft Visual Studio Solution File, Format Version 12.00
# Visual Studio Version 17
VisualStudioVersion = 17.5.2.0
MinimumVisualStudioVersion = 10.0.40219.1
Project("{9A19103F-16F7-4668-BE54-9A1E7A4F7556}") = "NoteBookmark.Api", "src\NoteBookmark.Api\NoteBookmark.Api.csproj", "{482A0C21-91F3-4B77-B8CD-E1241D33B40D}"
EndProject
Project("{FAE04EC0-301F-11D3-BF4B-00C04F79EFBC}") = "NoteBookmark.ServiceDefaults", "src\NoteBookmark.ServiceDefaults\NoteBookmark.ServiceDefaults.csproj", "{B3C00A0B-AFF2-4CF2-8A24-98430BC0206B}"
EndProject
Project("{FAE04EC0-301F-11D3-BF4B-00C04F79EFBC}") = "NoteBookmark.AppHost", "src\NoteBookmark.AppHost\NoteBookmark.AppHost.csproj", "{49440529-42B9-497D-8F2F-D0A2DE20253E}"
EndProject
Project("{FAE04EC0-301F-11D3-BF4B-00C04F79EFBC}") = "NoteBookmark.Domain", "src\NoteBookmark.Domain\NoteBookmark.Domain.csproj", "{204E2DC3-7131-4D7C-BA02-68AD272F9C58}"
EndProject
Project("{FAE04EC0-301F-11D3-BF4B-00C04F79EFBC}") = "NoteBookmark.BlazorApp", "src\NoteBookmark.BlazorApp\NoteBookmark.BlazorApp.csproj", "{91470C33-E926-409D-8C0B-3647D7D5848B}"
EndProject
Project("{FAE04EC0-301F-11D3-BF4B-00C04F79EFBC}") = "NoteBookmark.Api.Tests", "src\NoteBookmark.Api.Tests\NoteBookmark.Api.Tests.csproj", "{3DBF1970-A8DA-44E2-8AE8-0858F0269382}"
EndProject
Project("{FAE04EC0-301F-11D3-BF4B-00C04F79EFBC}") = "NoteBookmark.AIServices", "src\NoteBookmark.AIServices\NoteBookmark.AIServices.csproj", "{D29D80A5-82EC-4350-B738-96BAF88EB9DD}"
EndProject
Global
	GlobalSection(SolutionConfigurationPlatforms) = preSolution
		Debug|Any CPU = Debug|Any CPU
		Debug|x64 = Debug|x64
		Debug|x86 = Debug|x86
		Release|Any CPU = Release|Any CPU
		Release|x64 = Release|x64
		Release|x86 = Release|x86
	EndGlobalSection
	GlobalSection(ProjectConfigurationPlatforms) = postSolution
		{482A0C21-91F3-4B77-B8CD-E1241D33B40D}.Debug|Any CPU.ActiveCfg = Debug|Any CPU
		{482A0C21-91F3-4B77-B8CD-E1241D33B40D}.Debug|Any CPU.Build.0 = Debug|Any CPU
		{482A0C21-91F3-4B77-B8CD-E1241D33B40D}.Debug|x64.ActiveCfg = Debug|Any CPU
		{482A0C21-91F3-4B77-B8CD-E1241D33B40D}.Debug|x64.Build.0 = Debug|Any CPU
		{482A0C21-91F3-4B77-B8CD-E1241D33B40D}.Debug|x86.ActiveCfg = Debug|Any CPU
		{482A0C21-91F3-4B77-B8CD-E1241D33B40D}.Debug|x86.Build.0 = Debug|Any CPU
		{482A0C21-91F3-4B77-B8CD-E1241D33B40D}.Release|Any CPU.ActiveCfg = Release|Any CPU
		{482A0C21-91F3-4B77-B8CD-E1241D33B40D}.Release|Any CPU.Build.0 = Release|Any CPU
		{482A0C21-91F3-4B77-B8CD-E1241D33B40D}.Release|x64.ActiveCfg = Release|Any CPU
		{482A0C21-91F3-4B77-B8CD-E1241D33B40D}.Release|x64.Build.0 = Release|Any CPU
		{482A0C21-91F3-4B77-B8CD-E1241D33B40D}.Release|x86.ActiveCfg = Release|Any CPU
		{482A0C21-91F3-4B77-B8CD-E1241D33B40D}.Release|x86.Build.0 = Release|Any CPU
		{B3C00A0B-AFF2-4CF2-8A24-98430BC0206B}.Debug|Any CPU.ActiveCfg = Debug|Any CPU
		{B3C00A0B-AFF2-4CF2-8A24-98430BC0206B}.Debug|Any CPU.Build.0 = Debug|Any CPU
		{B3C00A0B-AFF2-4CF2-8A24-98430BC0206B}.Debug|x64.ActiveCfg = Debug|Any CPU
		{B3C00A0B-AFF2-4CF2-8A24-98430BC0206B}.Debug|x64.Build.0 = Debug|Any CPU
		{B3C00A0B-AFF2-4CF2-8A24-98430BC0206B}.Debug|x86.ActiveCfg = Debug|Any CPU
		{B3C00A0B-AFF2-4CF2-8A24-98430BC0206B}.Debug|x86.Build.0 = Debug|Any CPU
		{B3C00A0B-AFF2-4CF2-8A24-98430BC0206B}.Release|Any CPU.ActiveCfg = Release|Any CPU
		{B3C00A0B-AFF2-4CF2-8A24-98430BC0206B}.Release|Any CPU.Build.0 = Release|Any CPU
		{B3C00A0B-AFF2-4CF2-8A24-98430BC0206B}.Release|x64.ActiveCfg = Release|Any CPU
		{B3C00A0B-AFF2-4CF2-8A24-98430BC0206B}.Release|x64.Build.0 = Release|Any CPU
		{B3C00A0B-AFF2-4CF2-8A24-98430BC0206B}.Release|x86.ActiveCfg = Release|Any CPU
		{B3C00A0B-AFF2-4CF2-8A24-98430BC0206B}.Release|x86.Build.0 = Release|Any CPU
		{49440529-42B9-497D-8F2F-D0A2DE20253E}.Debug|Any CPU.ActiveCfg = Debug|Any CPU
		{49440529-42B9-497D-8F2F-D0A2DE20253E}.Debug|Any CPU.Build.0 = Debug|Any CPU
		{49440529-42B9-497D-8F2F-D0A2DE20253E}.Debug|x64.ActiveCfg = Debug|Any CPU
		{49440529-42B9-497D-8F2F-D0A2DE20253E}.Debug|x64.Build.0 = Debug|Any CPU
		{49440529-42B9-497D-8F2F-D0A2DE20253E}.Debug|x86.ActiveCfg = Debug|Any CPU
		{49440529-42B9-497D-8F2F-D0A2DE20253E}.Debug|x86.Build.0 = Debug|Any CPU
		{49440529-42B9-497D-8F2F-D0A2DE20253E}.Release|Any CPU.ActiveCfg = Release|Any CPU
		{49440529-42B9-497D-8F2F-D0A2DE20253E}.Release|Any CPU.Build.0 = Release|Any CPU
		{49440529-42B9-497D-8F2F-D0A2DE20253E}.Release|x64.ActiveCfg = Release|Any CPU
		{49440529-42B9-497D-8F2F-D0A2DE20253E}.Release|x64.Build.0 = Release|Any CPU
		{49440529-42B9-497D-8F2F-D0A2DE20253E}.Release|x86.ActiveCfg = Release|Any CPU
		{49440529-42B9-497D-8F2F-D0A2DE20253E}.Release|x86.Build.0 = Release|Any CPU
		{204E2DC3-7131-4D7C-BA02-68AD272F9C58}.Debug|Any CPU.ActiveCfg = Debug|Any CPU
		{204E2DC3-7131-4D7C-BA02-68AD272F9C58}.Debug|Any CPU.Build.0 = Debug|Any CPU
		{204E2DC3-7131-4D7C-BA02-68AD272F9C58}.Debug|x64.ActiveCfg = Debug|Any CPU
		{204E2DC3-7131-4D7C-BA02-68AD272F9C58}.Debug|x64.Build.0 = Debug|Any CPU
		{204E2DC3-7131-4D7C-BA02-68AD272F9C58}.Debug|x86.ActiveCfg = Debug|Any CPU
		{204E2DC3-7131-4D7C-BA02-68AD272F9C58}.Debug|x86.Build.0 = Debug|Any CPU
		{204E2DC3-7131-4D7C-BA02-68AD272F9C58}.Release|Any CPU.ActiveCfg = Release|Any CPU
		{204E2DC3-7131-4D7C-BA02-68AD272F9C58}.Release|Any CPU.Build.0 = Release|Any CPU
		{204E2DC3-7131-4D7C-BA02-68AD272F9C58}.Release|x64.ActiveCfg = Release|Any CPU
		{204E2DC3-7131-4D7C-BA02-68AD272F9C58}.Release|x64.Build.0 = Release|Any CPU
		{204E2DC3-7131-4D7C-BA02-68AD272F9C58}.Release|x86.ActiveCfg = Release|Any CPU
		{204E2DC3-7131-4D7C-BA02-68AD272F9C58}.Release|x86.Build.0 = Release|Any CPU
		{91470C33-E926-409D-8C0B-3647D7D5848B}.Debug|Any CPU.ActiveCfg = Debug|Any CPU
		{91470C33-E926-409D-8C0B-3647D7D5848B}.Debug|Any CPU.Build.0 = Debug|Any CPU
		{91470C33-E926-409D-8C0B-3647D7D5848B}.Debug|x64.ActiveCfg = Debug|Any CPU
		{91470C33-E926-409D-8C0B-3647D7D5848B}.Debug|x64.Build.0 = Debug|Any CPU
		{91470C33-E926-409D-8C0B-3647D7D5848B}.Debug|x86.ActiveCfg = Debug|Any CPU
		{91470C33-E926-409D-8C0B-3647D7D5848B}.Debug|x86.Build.0 = Debug|Any CPU
		{91470C33-E926-409D-8C0B-3647D7D5848B}.Release|Any CPU.ActiveCfg = Release|Any CPU
		{91470C33-E926-409D-8C0B-3647D7D5848B}.Release|Any CPU.Build.0 = Release|Any CPU
		{91470C33-E926-409D-8C0B-3647D7D5848B}.Release|x64.ActiveCfg = Release|Any CPU
		{91470C33-E926-409D-8C0B-3647D7D5848B}.Release|x64.Build.0 = Release|Any CPU
		{91470C33-E926-409D-8C0B-3647D7D5848B}.Release|x86.ActiveCfg = Release|Any CPU
		{91470C33-E926-409D-8C0B-3647D7D5848B}.Release|x86.Build.0 = Release|Any CPU
		{3DBF1970-A8DA-44E2-8AE8-0858F0269382}.Debug|Any CPU.ActiveCfg = Debug|Any CPU
		{3DBF1970-A8DA-44E2-8AE8-0858F0269382}.Debug|Any CPU.Build.0 = Debug|Any CPU
		{3DBF1970-A8DA-44E2-8AE8-0858F0269382}.Debug|x64.ActiveCfg = Debug|Any CPU
		{3DBF1970-A8DA-44E2-8AE8-0858F0269382}.Debug|x64.Build.0 = Debug|Any CPU
		{3DBF1970-A8DA-44E2-8AE8-0858F0269382}.Debug|x86.ActiveCfg = Debug|Any CPU
		{3DBF1970-A8DA-44E2-8AE8-0858F0269382}.Debug|x86.Build.0 = Debug|Any CPU
		{3DBF1970-A8DA-44E2-8AE8-0858F0269382}.Release|Any CPU.ActiveCfg = Release|Any CPU
		{3DBF1970-A8DA-44E2-8AE8-0858F0269382}.Release|Any CPU.Build.0 = Release|Any CPU
		{3DBF1970-A8DA-44E2-8AE8-0858F0269382}.Release|x64.ActiveCfg = Release|Any CPU
		{3DBF1970-A8DA-44E2-8AE8-0858F0269382}.Release|x64.Build.0 = Release|Any CPU
		{3DBF1970-A8DA-44E2-8AE8-0858F0269382}.Release|x86.ActiveCfg = Release|Any CPU
		{3DBF1970-A8DA-44E2-8AE8-0858F0269382}.Release|x86.Build.0 = Release|Any CPU
		{D29D80A5-82EC-4350-B738-96BAF88EB9DD}.Debug|Any CPU.ActiveCfg = Debug|Any CPU
		{D29D80A5-82EC-4350-B738-96BAF88EB9DD}.Debug|Any CPU.Build.0 = Debug|Any CPU
		{D29D80A5-82EC-4350-B738-96BAF88EB9DD}.Debug|x64.ActiveCfg = Debug|Any CPU
		{D29D80A5-82EC-4350-B738-96BAF88EB9DD}.Debug|x64.Build.0 = Debug|Any CPU
		{D29D80A5-82EC-4350-B738-96BAF88EB9DD}.Debug|x86.ActiveCfg = Debug|Any CPU
		{D29D80A5-82EC-4350-B738-96BAF88EB9DD}.Debug|x86.Build.0 = Debug|Any CPU
		{D29D80A5-82EC-4350-B738-96BAF88EB9DD}.Release|Any CPU.ActiveCfg = Release|Any CPU
		{D29D80A5-82EC-4350-B738-96BAF88EB9DD}.Release|Any CPU.Build.0 = Release|Any CPU
		{D29D80A5-82EC-4350-B738-96BAF88EB9DD}.Release|x64.ActiveCfg = Release|Any CPU
		{D29D80A5-82EC-4350-B738-96BAF88EB9DD}.Release|x64.Build.0 = Release|Any CPU
		{D29D80A5-82EC-4350-B738-96BAF88EB9DD}.Release|x86.ActiveCfg = Release|Any CPU
		{D29D80A5-82EC-4350-B738-96BAF88EB9DD}.Release|x86.Build.0 = Release|Any CPU
	EndGlobalSection
	GlobalSection(SolutionProperties) = preSolution
		HideSolutionNode = FALSE
	EndGlobalSection
	GlobalSection(ExtensibilityGlobals) = postSolution
		SolutionGuid = {D59FFF09-97C3-47EF-B64D-B014BFA22C80}
	EndGlobalSection
EndGlobal
